// !$*UTF8*$!
{
	archiveVersion = 1;
	classes = {
	};
	objectVersion = 55;
	objects = {

/* Begin PBXBuildFile section */
		E7D9874F27902842005F4819 /* AppDelegate.swift in Sources */ = {isa = PBXBuildFile; fileRef = E7D9874E27902842005F4819 /* AppDelegate.swift */; };
		E7D9875127902842005F4819 /* SceneDelegate.swift in Sources */ = {isa = PBXBuildFile; fileRef = E7D9875027902842005F4819 /* SceneDelegate.swift */; };
		E7D9875327902842005F4819 /* ViewController.swift in Sources */ = {isa = PBXBuildFile; fileRef = E7D9875227902842005F4819 /* ViewController.swift */; };
		E7D9875627902842005F4819 /* Main.storyboard in Resources */ = {isa = PBXBuildFile; fileRef = E7D9875427902842005F4819 /* Main.storyboard */; };
		E7D9875927902842005F4819 /* InvoltaTest.xcdatamodeld in Sources */ = {isa = PBXBuildFile; fileRef = E7D9875727902842005F4819 /* InvoltaTest.xcdatamodeld */; };
		E7D9875B27902843005F4819 /* Assets.xcassets in Resources */ = {isa = PBXBuildFile; fileRef = E7D9875A27902843005F4819 /* Assets.xcassets */; };
		E7D9875E27902843005F4819 /* LaunchScreen.storyboard in Resources */ = {isa = PBXBuildFile; fileRef = E7D9875C27902843005F4819 /* LaunchScreen.storyboard */; };
		E7D9876827902877005F4819 /* TestModel.swift in Sources */ = {isa = PBXBuildFile; fileRef = E7D9876727902877005F4819 /* TestModel.swift */; };
		E7D9876A2790287E005F4819 /* TestData.swift in Sources */ = {isa = PBXBuildFile; fileRef = E7D987692790287E005F4819 /* TestData.swift */; };
		E7D9876F27902933005F4819 /* NetworkManager.swift in Sources */ = {isa = PBXBuildFile; fileRef = E7D9876E27902933005F4819 /* NetworkManager.swift */; };
		E7D9877127902BB5005F4819 /* WeatherManagerDelegate.swift in Sources */ = {isa = PBXBuildFile; fileRef = E7D9877027902BB5005F4819 /* WeatherManagerDelegate.swift */; };
/* End PBXBuildFile section */

/* Begin PBXFileReference section */
		E7D9874B27902842005F4819 /* InvoltaTest.app */ = {isa = PBXFileReference; explicitFileType = wrapper.application; includeInIndex = 0; path = InvoltaTest.app; sourceTree = BUILT_PRODUCTS_DIR; };
		E7D9874E27902842005F4819 /* AppDelegate.swift */ = {isa = PBXFileReference; lastKnownFileType = sourcecode.swift; path = AppDelegate.swift; sourceTree = "<group>"; };
		E7D9875027902842005F4819 /* SceneDelegate.swift */ = {isa = PBXFileReference; lastKnownFileType = sourcecode.swift; path = SceneDelegate.swift; sourceTree = "<group>"; };
		E7D9875227902842005F4819 /* ViewController.swift */ = {isa = PBXFileReference; lastKnownFileType = sourcecode.swift; path = ViewController.swift; sourceTree = "<group>"; };
		E7D9875527902842005F4819 /* Base */ = {isa = PBXFileReference; lastKnownFileType = file.storyboard; name = Base; path = Base.lproj/Main.storyboard; sourceTree = "<group>"; };
		E7D9875827902842005F4819 /* InvoltaTest.xcdatamodel */ = {isa = PBXFileReference; lastKnownFileType = wrapper.xcdatamodel; path = InvoltaTest.xcdatamodel; sourceTree = "<group>"; };
		E7D9875A27902843005F4819 /* Assets.xcassets */ = {isa = PBXFileReference; lastKnownFileType = folder.assetcatalog; path = Assets.xcassets; sourceTree = "<group>"; };
		E7D9875D27902843005F4819 /* Base */ = {isa = PBXFileReference; lastKnownFileType = file.storyboard; name = Base; path = Base.lproj/LaunchScreen.storyboard; sourceTree = "<group>"; };
		E7D9875F27902843005F4819 /* Info.plist */ = {isa = PBXFileReference; lastKnownFileType = text.plist.xml; path = Info.plist; sourceTree = "<group>"; };
		E7D9876727902877005F4819 /* TestModel.swift */ = {isa = PBXFileReference; lastKnownFileType = sourcecode.swift; path = TestModel.swift; sourceTree = "<group>"; };
		E7D987692790287E005F4819 /* TestData.swift */ = {isa = PBXFileReference; lastKnownFileType = sourcecode.swift; path = TestData.swift; sourceTree = "<group>"; };
		E7D9876E27902933005F4819 /* NetworkManager.swift */ = {isa = PBXFileReference; lastKnownFileType = sourcecode.swift; path = NetworkManager.swift; sourceTree = "<group>"; };
		E7D9877027902BB5005F4819 /* WeatherManagerDelegate.swift */ = {isa = PBXFileReference; lastKnownFileType = sourcecode.swift; path = WeatherManagerDelegate.swift; sourceTree = "<group>"; };
/* End PBXFileReference section */

/* Begin PBXFrameworksBuildPhase section */
		E7D9874827902842005F4819 /* Frameworks */ = {
			isa = PBXFrameworksBuildPhase;
			buildActionMask = 2147483647;
			files = (
			);
			runOnlyForDeploymentPostprocessing = 0;
		};
/* End PBXFrameworksBuildPhase section */

/* Begin PBXGroup section */
		E7D9874227902842005F4819 = {
			isa = PBXGroup;
			children = (
				E7D9874D27902842005F4819 /* InvoltaTest */,
				E7D9874C27902842005F4819 /* Products */,
			);
			sourceTree = "<group>";
		};
		E7D9874C27902842005F4819 /* Products */ = {
			isa = PBXGroup;
			children = (
				E7D9874B27902842005F4819 /* InvoltaTest.app */,
			);
			name = Products;
			sourceTree = "<group>";
		};
		E7D9874D27902842005F4819 /* InvoltaTest */ = {
			isa = PBXGroup;
			children = (
				E7D9876B279028CF005F4819 /* Model */,
				E7D9876C279028D8005F4819 /* View */,
				E7D9876D279028DF005F4819 /* Controller */,
				E7D9874E27902842005F4819 /* AppDelegate.swift */,
				E7D9875027902842005F4819 /* SceneDelegate.swift */,
				E7D9875A27902843005F4819 /* Assets.xcassets */,
				E7D9875F27902843005F4819 /* Info.plist */,
				E7D9875727902842005F4819 /* InvoltaTest.xcdatamodeld */,
			);
			path = InvoltaTest;
			sourceTree = "<group>";
		};
		E7D9876B279028CF005F4819 /* Model */ = {
			isa = PBXGroup;
			children = (
				E7D9876727902877005F4819 /* TestModel.swift */,
				E7D987692790287E005F4819 /* TestData.swift */,
			);
			path = Model;
			sourceTree = "<group>";
		};
		E7D9876C279028D8005F4819 /* View */ = {
			isa = PBXGroup;
			children = (
				E7D9875C27902843005F4819 /* LaunchScreen.storyboard */,
				E7D9875427902842005F4819 /* Main.storyboard */,
			);
			path = View;
			sourceTree = "<group>";
		};
		E7D9876D279028DF005F4819 /* Controller */ = {
			isa = PBXGroup;
			children = (
				E7D9875227902842005F4819 /* ViewController.swift */,
				E7D9876E27902933005F4819 /* NetworkManager.swift */,
				E7D9877027902BB5005F4819 /* WeatherManagerDelegate.swift */,
			);
			path = Controller;
			sourceTree = "<group>";
		};
/* End PBXGroup section */

/* Begin PBXNativeTarget section */
		E7D9874A27902842005F4819 /* InvoltaTest */ = {
			isa = PBXNativeTarget;
			buildConfigurationList = E7D9876227902843005F4819 /* Build configuration list for PBXNativeTarget "InvoltaTest" */;
			buildPhases = (
				E7D9874727902842005F4819 /* Sources */,
				E7D9874827902842005F4819 /* Frameworks */,
				E7D9874927902842005F4819 /* Resources */,
			);
			buildRules = (
			);
			dependencies = (
			);
			name = InvoltaTest;
			productName = InvoltaTest;
			productReference = E7D9874B27902842005F4819 /* InvoltaTest.app */;
			productType = "com.apple.product-type.application";
		};
/* End PBXNativeTarget section */

/* Begin PBXProject section */
		E7D9874327902842005F4819 /* Project object */ = {
			isa = PBXProject;
			attributes = {
				BuildIndependentTargetsInParallel = 1;
				LastSwiftUpdateCheck = 1310;
				LastUpgradeCheck = 1310;
				TargetAttributes = {
					E7D9874A27902842005F4819 = {
						CreatedOnToolsVersion = 13.1;
					};
				};
			};
			buildConfigurationList = E7D9874627902842005F4819 /* Build configuration list for PBXProject "InvoltaTest" */;
			compatibilityVersion = "Xcode 13.0";
			developmentRegion = en;
			hasScannedForEncodings = 0;
			knownRegions = (
				en,
				Base,
			);
			mainGroup = E7D9874227902842005F4819;
			productRefGroup = E7D9874C27902842005F4819 /* Products */;
			projectDirPath = "";
			projectRoot = "";
			targets = (
				E7D9874A27902842005F4819 /* InvoltaTest */,
			);
		};
/* End PBXProject section */

/* Begin PBXResourcesBuildPhase section */
		E7D9874927902842005F4819 /* Resources */ = {
			isa = PBXResourcesBuildPhase;
			buildActionMask = 2147483647;
			files = (
				E7D9875E27902843005F4819 /* LaunchScreen.storyboard in Resources */,
				E7D9875B27902843005F4819 /* Assets.xcassets in Resources */,
				E7D9875627902842005F4819 /* Main.storyboard in Resources */,
			);
			runOnlyForDeploymentPostprocessing = 0;
		};
/* End PBXResourcesBuildPhase section */

/* Begin PBXSourcesBuildPhase section */
		E7D9874727902842005F4819 /* Sources */ = {
			isa = PBXSourcesBuildPhase;
			buildActionMask = 2147483647;
			files = (
				E7D9875327902842005F4819 /* ViewController.swift in Sources */,
				E7D9875927902842005F4819 /* InvoltaTest.xcdatamodeld in Sources */,
				E7D9874F27902842005F4819 /* AppDelegate.swift in Sources */,
				E7D9876827902877005F4819 /* TestModel.swift in Sources */,
				E7D9876F27902933005F4819 /* NetworkManager.swift in Sources */,
				E7D9877127902BB5005F4819 /* WeatherManagerDelegate.swift in Sources */,
				E7D9876A2790287E005F4819 /* TestData.swift in Sources */,
				E7D9875127902842005F4819 /* SceneDelegate.swift in Sources */,
			);
			runOnlyForDeploymentPostprocessing = 0;
		};
/* End PBXSourcesBuildPhase section */

/* Begin PBXVariantGroup section */
		E7D9875427902842005F4819 /* Main.storyboard */ = {
			isa = PBXVariantGroup;
			children = (
				E7D9875527902842005F4819 /* Base */,
			);
			name = Main.storyboard;
			sourceTree = "<group>";
		};
		E7D9875C27902843005F4819 /* LaunchScreen.storyboard */ = {
			isa = PBXVariantGroup;
			children = (
				E7D9875D27902843005F4819 /* Base */,
			);
			name = LaunchScreen.storyboard;
			sourceTree = "<group>";
		};
/* End PBXVariantGroup section */

/* Begin XCBuildConfiguration section */
		E7D9876027902843005F4819 /* Debug */ = {
			isa = XCBuildConfiguration;
			buildSettings = {
				ALWAYS_SEARCH_USER_PATHS = NO;
				CLANG_ANALYZER_NONNULL = YES;
				CLANG_ANALYZER_NUMBER_OBJECT_CONVERSION = YES_AGGRESSIVE;
				CLANG_CXX_LANGUAGE_STANDARD = "gnu++17";
				CLANG_CXX_LIBRARY = "libc++";
				CLANG_ENABLE_MODULES = YES;
				CLANG_ENABLE_OBJC_ARC = YES;
				CLANG_ENABLE_OBJC_WEAK = YES;
				CLANG_WARN_BLOCK_CAPTURE_AUTORELEASING = YES;
				CLANG_WARN_BOOL_CONVERSION = YES;
				CLANG_WARN_COMMA = YES;
				CLANG_WARN_CONSTANT_CONVERSION = YES;
				CLANG_WARN_DEPRECATED_OBJC_IMPLEMENTATIONS = YES;
				CLANG_WARN_DIRECT_OBJC_ISA_USAGE = YES_ERROR;
				CLANG_WARN_DOCUMENTATION_COMMENTS = YES;
				CLANG_WARN_EMPTY_BODY = YES;
				CLANG_WARN_ENUM_CONVERSION = YES;
				CLANG_WARN_INFINITE_RECURSION = YES;
				CLANG_WARN_INT_CONVERSION = YES;
				CLANG_WARN_NON_LITERAL_NULL_CONVERSION = YES;
				CLANG_WARN_OBJC_IMPLICIT_RETAIN_SELF = YES;
				CLANG_WARN_OBJC_LITERAL_CONVERSION = YES;
				CLANG_WARN_OBJC_ROOT_CLASS = YES_ERROR;
				CLANG_WARN_QUOTED_INCLUDE_IN_FRAMEWORK_HEADER = YES;
				CLANG_WARN_RANGE_LOOP_ANALYSIS = YES;
				CLANG_WARN_STRICT_PROTOTYPES = YES;
				CLANG_WARN_SUSPICIOUS_MOVE = YES;
				CLANG_WARN_UNGUARDED_AVAILABILITY = YES_AGGRESSIVE;
				CLANG_WARN_UNREACHABLE_CODE = YES;
				CLANG_WARN__DUPLICATE_METHOD_MATCH = YES;
				COPY_PHASE_STRIP = NO;
				DEBUG_INFORMATION_FORMAT = dwarf;
				ENABLE_STRICT_OBJC_MSGSEND = YES;
				ENABLE_TESTABILITY = YES;
				GCC_C_LANGUAGE_STANDARD = gnu11;
				GCC_DYNAMIC_NO_PIC = NO;
				GCC_NO_COMMON_BLOCKS = YES;
				GCC_OPTIMIZATION_LEVEL = 0;
				GCC_PREPROCESSOR_DEFINITIONS = (
					"DEBUG=1",
					"$(inherited)",
				);
				GCC_WARN_64_TO_32_BIT_CONVERSION = YES;
				GCC_WARN_ABOUT_RETURN_TYPE = YES_ERROR;
				GCC_WARN_UNDECLARED_SELECTOR = YES;
				GCC_WARN_UNINITIALIZED_AUTOS = YES_AGGRESSIVE;
				GCC_WARN_UNUSED_FUNCTION = YES;
				GCC_WARN_UNUSED_VARIABLE = YES;
				IPHONEOS_DEPLOYMENT_TARGET = 15.0;
				MTL_ENABLE_DEBUG_INFO = INCLUDE_SOURCE;
				MTL_FAST_MATH = YES;
				ONLY_ACTIVE_ARCH = YES;
				SDKROOT = iphoneos;
				SWIFT_ACTIVE_COMPILATION_CONDITIONS = DEBUG;
				SWIFT_OPTIMIZATION_LEVEL = "-Onone";
			};
			name = Debug;
		};
		E7D9876127902843005F4819 /* Release */ = {
			isa = XCBuildConfiguration;
			buildSettings = {
				ALWAYS_SEARCH_USER_PATHS = NO;
				CLANG_ANALYZER_NONNULL = YES;
				CLANG_ANALYZER_NUMBER_OBJECT_CONVERSION = YES_AGGRESSIVE;
				CLANG_CXX_LANGUAGE_STANDARD = "gnu++17";
				CLANG_CXX_LIBRARY = "libc++";
				CLANG_ENABLE_MODULES = YES;
				CLANG_ENABLE_OBJC_ARC = YES;
				CLANG_ENABLE_OBJC_WEAK = YES;
				CLANG_WARN_BLOCK_CAPTURE_AUTORELEASING = YES;
				CLANG_WARN_BOOL_CONVERSION = YES;
				CLANG_WARN_COMMA = YES;
				CLANG_WARN_CONSTANT_CONVERSION = YES;
				CLANG_WARN_DEPRECATED_OBJC_IMPLEMENTATIONS = YES;
				CLANG_WARN_DIRECT_OBJC_ISA_USAGE = YES_ERROR;
				CLANG_WARN_DOCUMENTATION_COMMENTS = YES;
				CLANG_WARN_EMPTY_BODY = YES;
				CLANG_WARN_ENUM_CONVERSION = YES;
				CLANG_WARN_INFINITE_RECURSION = YES;
				CLANG_WARN_INT_CONVERSION = YES;
				CLANG_WARN_NON_LITERAL_NULL_CONVERSION = YES;
				CLANG_WARN_OBJC_IMPLICIT_RETAIN_SELF = YES;
				CLANG_WARN_OBJC_LITERAL_CONVERSION = YES;
				CLANG_WARN_OBJC_ROOT_CLASS = YES_ERROR;
				CLANG_WARN_QUOTED_INCLUDE_IN_FRAMEWORK_HEADER = YES;
				CLANG_WARN_RANGE_LOOP_ANALYSIS = YES;
				CLANG_WARN_STRICT_PROTOTYPES = YES;
				CLANG_WARN_SUSPICIOUS_MOVE = YES;
				CLANG_WARN_UNGUARDED_AVAILABILITY = YES_AGGRESSIVE;
				CLANG_WARN_UNREACHABLE_CODE = YES;
				CLANG_WARN__DUPLICATE_METHOD_MATCH = YES;
				COPY_PHASE_STRIP = NO;
				DEBUG_INFORMATION_FORMAT = "dwarf-with-dsym";
				ENABLE_NS_ASSERTIONS = NO;
				ENABLE_STRICT_OBJC_MSGSEND = YES;
				GCC_C_LANGUAGE_STANDARD = gnu11;
				GCC_NO_COMMON_BLOCKS = YES;
				GCC_WARN_64_TO_32_BIT_CONVERSION = YES;
				GCC_WARN_ABOUT_RETURN_TYPE = YES_ERROR;
				GCC_WARN_UNDECLARED_SELECTOR = YES;
				GCC_WARN_UNINITIALIZED_AUTOS = YES_AGGRESSIVE;
				GCC_WARN_UNUSED_FUNCTION = YES;
				GCC_WARN_UNUSED_VARIABLE = YES;
				IPHONEOS_DEPLOYMENT_TARGET = 15.0;
				MTL_ENABLE_DEBUG_INFO = NO;
				MTL_FAST_MATH = YES;
				SDKROOT = iphoneos;
				SWIFT_COMPILATION_MODE = wholemodule;
				SWIFT_OPTIMIZATION_LEVEL = "-O";
				VALIDATE_PRODUCT = YES;
			};
			name = Release;
		};
		E7D9876327902843005F4819 /* Debug */ = {
			isa = XCBuildConfiguration;
			buildSettings = {
				ASSETCATALOG_COMPILER_APPICON_NAME = AppIcon;
				ASSETCATALOG_COMPILER_GLOBAL_ACCENT_COLOR_NAME = AccentColor;
				CODE_SIGN_STYLE = Automatic;
				CURRENT_PROJECT_VERSION = 1;
				DEVELOPMENT_TEAM = N8937SQRB3;
				GENERATE_INFOPLIST_FILE = YES;
				INFOPLIST_FILE = InvoltaTest/Info.plist;
				INFOPLIST_KEY_UIApplicationSupportsIndirectInputEvents = YES;
				INFOPLIST_KEY_UILaunchStoryboardName = LaunchScreen;
				INFOPLIST_KEY_UIMainStoryboardFile = Main;
				INFOPLIST_KEY_UISupportedInterfaceOrientations_iPad = "UIInterfaceOrientationPortrait UIInterfaceOrientationPortraitUpsideDown UIInterfaceOrientationLandscapeLeft UIInterfaceOrientationLandscapeRight";
				INFOPLIST_KEY_UISupportedInterfaceOrientations_iPhone = "UIInterfaceOrientationPortrait UIInterfaceOrientationLandscapeLeft UIInterfaceOrientationLandscapeRight";
				LD_RUNPATH_SEARCH_PATHS = (
					"$(inherited)",
					"@executable_path/Frameworks",
				);
				MARKETING_VERSION = 1.0;
				PRODUCT_BUNDLE_IDENTIFIER = SCChulkov.InvoltaTest;
				PRODUCT_NAME = "$(TARGET_NAME)";
				SWIFT_EMIT_LOC_STRINGS = YES;
				SWIFT_VERSION = 5.0;
				TARGETED_DEVICE_FAMILY = "1,2";
			};
			name = Debug;
		};
		E7D9876427902843005F4819 /* Release */ = {
			isa = XCBuildConfiguration;
			buildSettings = {
				ASSETCATALOG_COMPILER_APPICON_NAME = AppIcon;
				ASSETCATALOG_COMPILER_GLOBAL_ACCENT_COLOR_NAME = AccentColor;
				CODE_SIGN_STYLE = Automatic;
				CURRENT_PROJECT_VERSION = 1;
				DEVELOPMENT_TEAM = N8937SQRB3;
				GENERATE_INFOPLIST_FILE = YES;
				INFOPLIST_FILE = InvoltaTest/Info.plist;
				INFOPLIST_KEY_UIApplicationSupportsIndirectInputEvents = YES;
				INFOPLIST_KEY_UILaunchStoryboardName = LaunchScreen;
				INFOPLIST_KEY_UIMainStoryboardFile = Main;
				INFOPLIST_KEY_UISupportedInterfaceOrientations_iPad = "UIInterfaceOrientationPortrait UIInterfaceOrientationPortraitUpsideDown UIInterfaceOrientationLandscapeLeft UIInterfaceOrientationLandscapeRight";
				INFOPLIST_KEY_UISupportedInterfaceOrientations_iPhone = "UIInterfaceOrientationPortrait UIInterfaceOrientationLandscapeLeft UIInterfaceOrientationLandscapeRight";
				LD_RUNPATH_SEARCH_PATHS = (
					"$(inherited)",
					"@executable_path/Frameworks",
				);
				MARKETING_VERSION = 1.0;
				PRODUCT_BUNDLE_IDENTIFIER = SCChulkov.InvoltaTest;
				PRODUCT_NAME = "$(TARGET_NAME)";
				SWIFT_EMIT_LOC_STRINGS = YES;
				SWIFT_VERSION = 5.0;
				TARGETED_DEVICE_FAMILY = "1,2";
			};
			name = Release;
		};
/* End XCBuildConfiguration section */

/* Begin XCConfigurationList section */
		E7D9874627902842005F4819 /* Build configuration list for PBXProject "InvoltaTest" */ = {
			isa = XCConfigurationList;
			buildConfigurations = (
				E7D9876027902843005F4819 /* Debug */,
				E7D9876127902843005F4819 /* Release */,
			);
			defaultConfigurationIsVisible = 0;
			defaultConfigurationName = Release;
		};
		E7D9876227902843005F4819 /* Build configuration list for PBXNativeTarget "InvoltaTest" */ = {
			isa = XCConfigurationList;
			buildConfigurations = (
				E7D9876327902843005F4819 /* Debug */,
				E7D9876427902843005F4819 /* Release */,
			);
			defaultConfigurationIsVisible = 0;
			defaultConfigurationName = Release;
		};
/* End XCConfigurationList section */

/* Begin XCVersionGroup section */
		E7D9875727902842005F4819 /* InvoltaTest.xcdatamodeld */ = {
			isa = XCVersionGroup;
			children = (
				E7D9875827902842005F4819 /* InvoltaTest.xcdatamodel */,
			);
			currentVersion = E7D9875827902842005F4819 /* InvoltaTest.xcdatamodel */;
			path = InvoltaTest.xcdatamodeld;
			sourceTree = "<group>";
			versionGroupType = wrapper.xcdatamodel;
		};
/* End XCVersionGroup section */
	};
	rootObject = E7D9874327902842005F4819 /* Project object */;
}
